
Microsoft Visual Studio Solution File, Format Version 12.00
# Visual Studio 2012
Project("{FAE04EC0-301F-11D3-BF4B-00C04F79EFBC}") = "guia 2018", "guia 2018\guia 2018.csproj", "{F5298FF6-C597-47EE-9C20-D0840E83C863}"
EndProject
Project("{FAE04EC0-301F-11D3-BF4B-00C04F79EFBC}") = "Biblioteca", "Biblioteca\Biblioteca.csproj", "{9A639864-E825-42BE-98E5-5D45B249368A}"
EndProject
Project("{FAE04EC0-301F-11D3-BF4B-00C04F79EFBC}") = "lt_ex02", "lt_ex2\lt_ex02.csproj", "{BE1387CF-AC32-4CCD-9E06-4E627099FCD6}"
EndProject
Project("{FAE04EC0-301F-11D3-BF4B-00C04F79EFBC}") = "lt_ex03", "lt_ex3\lt_ex03.csproj", "{DC99580F-53E3-47F2-80D5-D6802158098F}"
EndProject
Project("{FAE04EC0-301F-11D3-BF4B-00C04F79EFBC}") = "lt_ex04", "lt_ex4\lt_ex04.csproj", "{770259E5-A068-46B8-975B-5C2E30CA770B}"
EndProject
Project("{FAE04EC0-301F-11D3-BF4B-00C04F79EFBC}") = "lt_ex05", "lt_ex5\lt_ex05.csproj", "{B090E22C-1A53-494E-A8C2-96469E153A00}"
EndProject
Project("{FAE04EC0-301F-11D3-BF4B-00C04F79EFBC}") = "lt_ex06", "lt_ex6\lt_ex06.csproj", "{6A9C38E5-521B-4F71-A703-3DCA429CAE47}"
EndProject
Project("{FAE04EC0-301F-11D3-BF4B-00C04F79EFBC}") = "lt_ex07", "lt_ex7\lt_ex07.csproj", "{30610406-F219-4457-8E58-69A5F9A0A17F}"
EndProject
Project("{FAE04EC0-301F-11D3-BF4B-00C04F79EFBC}") = "lt_ex08", "lt_ex8\lt_ex08.csproj", "{5565CDDD-60C9-4DCF-BC1A-C13FED4C44F1}"
EndProject
Project("{FAE04EC0-301F-11D3-BF4B-00C04F79EFBC}") = "lt_ex09", "lt_ex9\lt_ex09.csproj", "{DB3A0831-C131-48D7-AC6E-C5AD3183D4B9}"
EndProject
Project("{FAE04EC0-301F-11D3-BF4B-00C04F79EFBC}") = "lt_ex10", "lt_ex10\lt_ex10.csproj", "{D8A2D17A-8718-478E-A35D-0E916C9E04E4}"
EndProject
Project("{FAE04EC0-301F-11D3-BF4B-00C04F79EFBC}") = "lt_ex11", "lt_ex11\lt_ex11.csproj", "{AA85ED87-6F09-44B7-A8BD-F8850D02D15A}"
EndProject
Project("{FAE04EC0-301F-11D3-BF4B-00C04F79EFBC}") = "lt_ex12", "lt_ex12\lt_ex12.csproj", "{59250063-2C1E-4054-9C27-E2C05457B87A}"
EndProject
Project("{FAE04EC0-301F-11D3-BF4B-00C04F79EFBC}") = "lt_ex13", "lt_ex13\lt_ex13.csproj", "{7EC510C7-A85D-4DA8-A75F-5818693513E6}"
EndProject
Project("{FAE04EC0-301F-11D3-BF4B-00C04F79EFBC}") = "lt_ex14", "lt_ex14\lt_ex14.csproj", "{490990D8-A2BD-4AF2-83EB-3252357CE67C}"
EndProject
Project("{FAE04EC0-301F-11D3-BF4B-00C04F79EFBC}") = "lt_ex15", "lt_ex15\lt_ex15.csproj", "{101F7B39-8E82-485C-ADCD-17AA176BB630}"
EndProject
Project("{FAE04EC0-301F-11D3-BF4B-00C04F79EFBC}") = "lt_ex16", "lt_ex16\lt_ex16.csproj", "{D964FF2B-3903-4D32-9F6A-FD06EFD7EE6F}"
EndProject
Project("{FAE04EC0-301F-11D3-BF4B-00C04F79EFBC}") = "lt_ex17", "lt_ex17\lt_ex17.csproj", "{22DDE203-B266-4389-86EA-492993A59ECF}"
EndProject
Project("{FAE04EC0-301F-11D3-BF4B-00C04F79EFBC}") = "lt_ex18", "lt_ex18\lt_ex18.csproj", "{D9B94163-A552-4996-999C-C1F972BDBF57}"
EndProject
Project("{FAE04EC0-301F-11D3-BF4B-00C04F79EFBC}") = "lt_ex19", "lt_ex19\lt_ex19.csproj", "{6658D1D0-5BDA-4AAB-A3E8-7DAA5D3B2F76}"
EndProject
Project("{FAE04EC0-301F-11D3-BF4B-00C04F79EFBC}") = "lt_ex20", "lt_ex20\lt_ex20.csproj", "{4DC3C042-026A-4833-AB0E-042716ACA121}"
EndProject
Project("{FAE04EC0-301F-11D3-BF4B-00C04F79EFBC}") = "lt_ex21", "lt_ex21\lt_ex21.csproj", "{64F84F4B-F65C-4F4E-B9EC-9FD502B4FC6E}"
EndProject
Project("{FAE04EC0-301F-11D3-BF4B-00C04F79EFBC}") = "lt_ex22", "lt_ex22\lt_ex22.csproj", "{5154CE4E-4589-49B9-B189-8451B78098F2}"
EndProject
Project("{FAE04EC0-301F-11D3-BF4B-00C04F79EFBC}") = "lt_ex23", "lt_ex23\lt_ex23.csproj", "{C6817CE8-0ED3-4DA1-B5F3-9A5E21C047A5}"
EndProject
Project("{FAE04EC0-301F-11D3-BF4B-00C04F79EFBC}") = "lt_ex24", "lt_ex24\lt_ex24.csproj", "{60F7330F-60D9-43BA-9112-95D8E75D96A5}"
EndProject
Project("{FAE04EC0-301F-11D3-BF4B-00C04F79EFBC}") = "lt_ex25", "lt_ex25\lt_ex25.csproj", "{B8F493A1-0E07-4563-8E25-A5D3F95A2A0F}"
EndProject
Project("{FAE04EC0-301F-11D3-BF4B-00C04F79EFBC}") = "lt_ex26", "lt_ex26\lt_ex26.csproj", "{20193D8C-7AB7-4D5F-92F6-D52EAB95E514}"
EndProject
Project("{FAE04EC0-301F-11D3-BF4B-00C04F79EFBC}") = "lt_ex27", "lt_ex27\lt_ex27.csproj", "{3F42C81F-8F26-4A6C-8042-1BE8230C52E1}"
EndProject
Project("{FAE04EC0-301F-11D3-BF4B-00C04F79EFBC}") = "lt_ex27_BIS", "lt_ex27_BIS\lt_ex27_BIS.csproj", "{8E53A98A-F4C9-4804-84A3-2BBDC626089C}"
EndProject
Project("{FAE04EC0-301F-11D3-BF4B-00C04F79EFBC}") = "lt_ex28", "lt_clase8_ex28\lt_ex28.csproj", "{9E6BC89A-187C-49FF-9C75-F7416E88E587}"
EndProject
Project("{FAE04EC0-301F-11D3-BF4B-00C04F79EFBC}") = "lt_ex29", "lt_ex29\lt_ex29.csproj", "{6E1629F2-72AD-48A8-B216-89D1DD2AFB3F}"
EndProject
Project("{FAE04EC0-301F-11D3-BF4B-00C04F79EFBC}") = "lt_ex30", "lt_ex30\lt_ex30.csproj", "{F9B0551D-94A5-46D7-A68A-1575C03A22F0}"
EndProject
Project("{FAE04EC0-301F-11D3-BF4B-00C04F79EFBC}") = "lt_ex31", "lt_ex31\lt_ex31.csproj", "{B662A38C-E53A-4DE2-80CF-C34BE2B1F359}"
EndProject
Project("{FAE04EC0-301F-11D3-BF4B-00C04F79EFBC}") = "lt_ex32", "lt_ex32\lt_ex32.csproj", "{651DF830-7F36-49FC-AEB0-66731AC26627}"
EndProject
Project("{FAE04EC0-301F-11D3-BF4B-00C04F79EFBC}") = "lt_ex33", "lt_ex33\lt_ex33.csproj", "{9B35E032-1263-464C-8A3F-43BD51255256}"
EndProject
Project("{FAE04EC0-301F-11D3-BF4B-00C04F79EFBC}") = "lt_ex34", "lt_ex34\lt_ex34.csproj", "{B4AF34B2-AEAB-467C-B9F1-127E12B0F5E6}"
EndProject
Project("{FAE04EC0-301F-11D3-BF4B-00C04F79EFBC}") = "lt_ex35", "lt_ex35\lt_ex35.csproj", "{7FA9C871-6403-44AD-951F-5C6D213C8854}"
EndProject
Project("{FAE04EC0-301F-11D3-BF4B-00C04F79EFBC}") = "lt_ex36", "lt_ex36\lt_ex36.csproj", "{2C36CB75-4499-4659-9C0B-7117DA06CD95}"
EndProject
Project("{FAE04EC0-301F-11D3-BF4B-00C04F79EFBC}") = "lt_ex37", "lt_ex37\lt_ex37.csproj", "{480C6230-6EF6-45E2-98A4-D386BE2877B6}"
EndProject
Project("{FAE04EC0-301F-11D3-BF4B-00C04F79EFBC}") = "lt_ex38", "lt_ex38\lt_ex38.csproj", "{91D5F6A7-A1F1-4881-A2C2-555657EC56F2}"
EndProject
Project("{FAE04EC0-301F-11D3-BF4B-00C04F79EFBC}") = "lt_ex39", "lt_ex39\lt_ex39.csproj", "{B3BF7318-EA6E-4872-A819-BBA387B2B79E}"
EndProject
Project("{FAE04EC0-301F-11D3-BF4B-00C04F79EFBC}") = "lt_40_CentralTelefonica", "lt_40_CentralTelefonica\lt_40_CentralTelefonica.csproj", "{80DA583A-3323-4A21-B21D-4A76DE6CA293}"
EndProject
Project("{FAE04EC0-301F-11D3-BF4B-00C04F79EFBC}") = "lt_ex42", "lt_ex42\lt_ex42.csproj", "{B9A1ABF0-D40C-4C0D-9F58-05D2E453C504}"
EndProject
Project("{FAE04EC0-301F-11D3-BF4B-00C04F79EFBC}") = "lt_ex44", "lt_ex44\lt_ex44.csproj", "{B639D7DA-5E84-4107-B2D7-6A051CBD20CF}"
EndProject
Project("{FAE04EC0-301F-11D3-BF4B-00C04F79EFBC}") = "lt_ex47", "lt_ex47\lt_ex47.csproj", "{6F23F115-7E80-4EF5-8C3E-B4DAB5F85ED6}"
EndProject
Global
	GlobalSection(SolutionConfigurationPlatforms) = preSolution
		Debug|Any CPU = Debug|Any CPU
		Release|Any CPU = Release|Any CPU
	EndGlobalSection
	GlobalSection(ProjectConfigurationPlatforms) = postSolution
		{F5298FF6-C597-47EE-9C20-D0840E83C863}.Debug|Any CPU.ActiveCfg = Debug|Any CPU
		{F5298FF6-C597-47EE-9C20-D0840E83C863}.Debug|Any CPU.Build.0 = Debug|Any CPU
		{F5298FF6-C597-47EE-9C20-D0840E83C863}.Release|Any CPU.ActiveCfg = Release|Any CPU
		{F5298FF6-C597-47EE-9C20-D0840E83C863}.Release|Any CPU.Build.0 = Release|Any CPU
		{9A639864-E825-42BE-98E5-5D45B249368A}.Debug|Any CPU.ActiveCfg = Debug|Any CPU
		{9A639864-E825-42BE-98E5-5D45B249368A}.Debug|Any CPU.Build.0 = Debug|Any CPU
		{9A639864-E825-42BE-98E5-5D45B249368A}.Release|Any CPU.ActiveCfg = Release|Any CPU
		{9A639864-E825-42BE-98E5-5D45B249368A}.Release|Any CPU.Build.0 = Release|Any CPU
		{BE1387CF-AC32-4CCD-9E06-4E627099FCD6}.Debug|Any CPU.ActiveCfg = Debug|Any CPU
		{BE1387CF-AC32-4CCD-9E06-4E627099FCD6}.Debug|Any CPU.Build.0 = Debug|Any CPU
		{BE1387CF-AC32-4CCD-9E06-4E627099FCD6}.Release|Any CPU.ActiveCfg = Release|Any CPU
		{BE1387CF-AC32-4CCD-9E06-4E627099FCD6}.Release|Any CPU.Build.0 = Release|Any CPU
		{DC99580F-53E3-47F2-80D5-D6802158098F}.Debug|Any CPU.ActiveCfg = Debug|Any CPU
		{DC99580F-53E3-47F2-80D5-D6802158098F}.Debug|Any CPU.Build.0 = Debug|Any CPU
		{DC99580F-53E3-47F2-80D5-D6802158098F}.Release|Any CPU.ActiveCfg = Release|Any CPU
		{DC99580F-53E3-47F2-80D5-D6802158098F}.Release|Any CPU.Build.0 = Release|Any CPU
		{770259E5-A068-46B8-975B-5C2E30CA770B}.Debug|Any CPU.ActiveCfg = Debug|Any CPU
		{770259E5-A068-46B8-975B-5C2E30CA770B}.Debug|Any CPU.Build.0 = Debug|Any CPU
		{770259E5-A068-46B8-975B-5C2E30CA770B}.Release|Any CPU.ActiveCfg = Release|Any CPU
		{770259E5-A068-46B8-975B-5C2E30CA770B}.Release|Any CPU.Build.0 = Release|Any CPU
		{B090E22C-1A53-494E-A8C2-96469E153A00}.Debug|Any CPU.ActiveCfg = Debug|Any CPU
		{B090E22C-1A53-494E-A8C2-96469E153A00}.Debug|Any CPU.Build.0 = Debug|Any CPU
		{B090E22C-1A53-494E-A8C2-96469E153A00}.Release|Any CPU.ActiveCfg = Release|Any CPU
		{B090E22C-1A53-494E-A8C2-96469E153A00}.Release|Any CPU.Build.0 = Release|Any CPU
		{6A9C38E5-521B-4F71-A703-3DCA429CAE47}.Debug|Any CPU.ActiveCfg = Debug|Any CPU
		{6A9C38E5-521B-4F71-A703-3DCA429CAE47}.Debug|Any CPU.Build.0 = Debug|Any CPU
		{6A9C38E5-521B-4F71-A703-3DCA429CAE47}.Release|Any CPU.ActiveCfg = Release|Any CPU
		{6A9C38E5-521B-4F71-A703-3DCA429CAE47}.Release|Any CPU.Build.0 = Release|Any CPU
		{30610406-F219-4457-8E58-69A5F9A0A17F}.Debug|Any CPU.ActiveCfg = Debug|Any CPU
		{30610406-F219-4457-8E58-69A5F9A0A17F}.Debug|Any CPU.Build.0 = Debug|Any CPU
		{30610406-F219-4457-8E58-69A5F9A0A17F}.Release|Any CPU.ActiveCfg = Release|Any CPU
		{30610406-F219-4457-8E58-69A5F9A0A17F}.Release|Any CPU.Build.0 = Release|Any CPU
		{5565CDDD-60C9-4DCF-BC1A-C13FED4C44F1}.Debug|Any CPU.ActiveCfg = Debug|Any CPU
		{5565CDDD-60C9-4DCF-BC1A-C13FED4C44F1}.Debug|Any CPU.Build.0 = Debug|Any CPU
		{5565CDDD-60C9-4DCF-BC1A-C13FED4C44F1}.Release|Any CPU.ActiveCfg = Release|Any CPU
		{5565CDDD-60C9-4DCF-BC1A-C13FED4C44F1}.Release|Any CPU.Build.0 = Release|Any CPU
		{DB3A0831-C131-48D7-AC6E-C5AD3183D4B9}.Debug|Any CPU.ActiveCfg = Debug|Any CPU
		{DB3A0831-C131-48D7-AC6E-C5AD3183D4B9}.Debug|Any CPU.Build.0 = Debug|Any CPU
		{DB3A0831-C131-48D7-AC6E-C5AD3183D4B9}.Release|Any CPU.ActiveCfg = Release|Any CPU
		{DB3A0831-C131-48D7-AC6E-C5AD3183D4B9}.Release|Any CPU.Build.0 = Release|Any CPU
		{D8A2D17A-8718-478E-A35D-0E916C9E04E4}.Debug|Any CPU.ActiveCfg = Debug|Any CPU
		{D8A2D17A-8718-478E-A35D-0E916C9E04E4}.Debug|Any CPU.Build.0 = Debug|Any CPU
		{D8A2D17A-8718-478E-A35D-0E916C9E04E4}.Release|Any CPU.ActiveCfg = Release|Any CPU
		{D8A2D17A-8718-478E-A35D-0E916C9E04E4}.Release|Any CPU.Build.0 = Release|Any CPU
		{AA85ED87-6F09-44B7-A8BD-F8850D02D15A}.Debug|Any CPU.ActiveCfg = Debug|Any CPU
		{AA85ED87-6F09-44B7-A8BD-F8850D02D15A}.Debug|Any CPU.Build.0 = Debug|Any CPU
		{AA85ED87-6F09-44B7-A8BD-F8850D02D15A}.Release|Any CPU.ActiveCfg = Release|Any CPU
		{AA85ED87-6F09-44B7-A8BD-F8850D02D15A}.Release|Any CPU.Build.0 = Release|Any CPU
		{59250063-2C1E-4054-9C27-E2C05457B87A}.Debug|Any CPU.ActiveCfg = Debug|Any CPU
		{59250063-2C1E-4054-9C27-E2C05457B87A}.Debug|Any CPU.Build.0 = Debug|Any CPU
		{59250063-2C1E-4054-9C27-E2C05457B87A}.Release|Any CPU.ActiveCfg = Release|Any CPU
		{59250063-2C1E-4054-9C27-E2C05457B87A}.Release|Any CPU.Build.0 = Release|Any CPU
		{7EC510C7-A85D-4DA8-A75F-5818693513E6}.Debug|Any CPU.ActiveCfg = Debug|Any CPU
		{7EC510C7-A85D-4DA8-A75F-5818693513E6}.Debug|Any CPU.Build.0 = Debug|Any CPU
		{7EC510C7-A85D-4DA8-A75F-5818693513E6}.Release|Any CPU.ActiveCfg = Release|Any CPU
		{7EC510C7-A85D-4DA8-A75F-5818693513E6}.Release|Any CPU.Build.0 = Release|Any CPU
		{490990D8-A2BD-4AF2-83EB-3252357CE67C}.Debug|Any CPU.ActiveCfg = Debug|Any CPU
		{490990D8-A2BD-4AF2-83EB-3252357CE67C}.Debug|Any CPU.Build.0 = Debug|Any CPU
		{490990D8-A2BD-4AF2-83EB-3252357CE67C}.Release|Any CPU.ActiveCfg = Release|Any CPU
		{490990D8-A2BD-4AF2-83EB-3252357CE67C}.Release|Any CPU.Build.0 = Release|Any CPU
		{101F7B39-8E82-485C-ADCD-17AA176BB630}.Debug|Any CPU.ActiveCfg = Debug|Any CPU
		{101F7B39-8E82-485C-ADCD-17AA176BB630}.Debug|Any CPU.Build.0 = Debug|Any CPU
		{101F7B39-8E82-485C-ADCD-17AA176BB630}.Release|Any CPU.ActiveCfg = Release|Any CPU
		{101F7B39-8E82-485C-ADCD-17AA176BB630}.Release|Any CPU.Build.0 = Release|Any CPU
		{D964FF2B-3903-4D32-9F6A-FD06EFD7EE6F}.Debug|Any CPU.ActiveCfg = Debug|Any CPU
		{D964FF2B-3903-4D32-9F6A-FD06EFD7EE6F}.Debug|Any CPU.Build.0 = Debug|Any CPU
		{D964FF2B-3903-4D32-9F6A-FD06EFD7EE6F}.Release|Any CPU.ActiveCfg = Release|Any CPU
		{D964FF2B-3903-4D32-9F6A-FD06EFD7EE6F}.Release|Any CPU.Build.0 = Release|Any CPU
		{22DDE203-B266-4389-86EA-492993A59ECF}.Debug|Any CPU.ActiveCfg = Debug|Any CPU
		{22DDE203-B266-4389-86EA-492993A59ECF}.Debug|Any CPU.Build.0 = Debug|Any CPU
		{22DDE203-B266-4389-86EA-492993A59ECF}.Release|Any CPU.ActiveCfg = Release|Any CPU
		{22DDE203-B266-4389-86EA-492993A59ECF}.Release|Any CPU.Build.0 = Release|Any CPU
		{D9B94163-A552-4996-999C-C1F972BDBF57}.Debug|Any CPU.ActiveCfg = Debug|Any CPU
		{D9B94163-A552-4996-999C-C1F972BDBF57}.Debug|Any CPU.Build.0 = Debug|Any CPU
		{D9B94163-A552-4996-999C-C1F972BDBF57}.Release|Any CPU.ActiveCfg = Release|Any CPU
		{D9B94163-A552-4996-999C-C1F972BDBF57}.Release|Any CPU.Build.0 = Release|Any CPU
		{6658D1D0-5BDA-4AAB-A3E8-7DAA5D3B2F76}.Debug|Any CPU.ActiveCfg = Debug|Any CPU
		{6658D1D0-5BDA-4AAB-A3E8-7DAA5D3B2F76}.Debug|Any CPU.Build.0 = Debug|Any CPU
		{6658D1D0-5BDA-4AAB-A3E8-7DAA5D3B2F76}.Release|Any CPU.ActiveCfg = Release|Any CPU
		{6658D1D0-5BDA-4AAB-A3E8-7DAA5D3B2F76}.Release|Any CPU.Build.0 = Release|Any CPU
		{4DC3C042-026A-4833-AB0E-042716ACA121}.Debug|Any CPU.ActiveCfg = Debug|Any CPU
		{4DC3C042-026A-4833-AB0E-042716ACA121}.Debug|Any CPU.Build.0 = Debug|Any CPU
		{4DC3C042-026A-4833-AB0E-042716ACA121}.Release|Any CPU.ActiveCfg = Release|Any CPU
		{4DC3C042-026A-4833-AB0E-042716ACA121}.Release|Any CPU.Build.0 = Release|Any CPU
		{64F84F4B-F65C-4F4E-B9EC-9FD502B4FC6E}.Debug|Any CPU.ActiveCfg = Debug|Any CPU
		{64F84F4B-F65C-4F4E-B9EC-9FD502B4FC6E}.Debug|Any CPU.Build.0 = Debug|Any CPU
		{64F84F4B-F65C-4F4E-B9EC-9FD502B4FC6E}.Release|Any CPU.ActiveCfg = Release|Any CPU
		{64F84F4B-F65C-4F4E-B9EC-9FD502B4FC6E}.Release|Any CPU.Build.0 = Release|Any CPU
		{5154CE4E-4589-49B9-B189-8451B78098F2}.Debug|Any CPU.ActiveCfg = Debug|Any CPU
		{5154CE4E-4589-49B9-B189-8451B78098F2}.Debug|Any CPU.Build.0 = Debug|Any CPU
		{5154CE4E-4589-49B9-B189-8451B78098F2}.Release|Any CPU.ActiveCfg = Release|Any CPU
		{5154CE4E-4589-49B9-B189-8451B78098F2}.Release|Any CPU.Build.0 = Release|Any CPU
		{C6817CE8-0ED3-4DA1-B5F3-9A5E21C047A5}.Debug|Any CPU.ActiveCfg = Debug|Any CPU
		{C6817CE8-0ED3-4DA1-B5F3-9A5E21C047A5}.Debug|Any CPU.Build.0 = Debug|Any CPU
		{C6817CE8-0ED3-4DA1-B5F3-9A5E21C047A5}.Release|Any CPU.ActiveCfg = Release|Any CPU
		{C6817CE8-0ED3-4DA1-B5F3-9A5E21C047A5}.Release|Any CPU.Build.0 = Release|Any CPU
		{60F7330F-60D9-43BA-9112-95D8E75D96A5}.Debug|Any CPU.ActiveCfg = Debug|Any CPU
		{60F7330F-60D9-43BA-9112-95D8E75D96A5}.Debug|Any CPU.Build.0 = Debug|Any CPU
		{60F7330F-60D9-43BA-9112-95D8E75D96A5}.Release|Any CPU.ActiveCfg = Release|Any CPU
		{60F7330F-60D9-43BA-9112-95D8E75D96A5}.Release|Any CPU.Build.0 = Release|Any CPU
		{B8F493A1-0E07-4563-8E25-A5D3F95A2A0F}.Debug|Any CPU.ActiveCfg = Debug|Any CPU
		{B8F493A1-0E07-4563-8E25-A5D3F95A2A0F}.Debug|Any CPU.Build.0 = Debug|Any CPU
		{B8F493A1-0E07-4563-8E25-A5D3F95A2A0F}.Release|Any CPU.ActiveCfg = Release|Any CPU
		{B8F493A1-0E07-4563-8E25-A5D3F95A2A0F}.Release|Any CPU.Build.0 = Release|Any CPU
		{20193D8C-7AB7-4D5F-92F6-D52EAB95E514}.Debug|Any CPU.ActiveCfg = Debug|Any CPU
		{20193D8C-7AB7-4D5F-92F6-D52EAB95E514}.Debug|Any CPU.Build.0 = Debug|Any CPU
		{20193D8C-7AB7-4D5F-92F6-D52EAB95E514}.Release|Any CPU.ActiveCfg = Release|Any CPU
		{20193D8C-7AB7-4D5F-92F6-D52EAB95E514}.Release|Any CPU.Build.0 = Release|Any CPU
		{3F42C81F-8F26-4A6C-8042-1BE8230C52E1}.Debug|Any CPU.ActiveCfg = Debug|Any CPU
		{3F42C81F-8F26-4A6C-8042-1BE8230C52E1}.Debug|Any CPU.Build.0 = Debug|Any CPU
		{3F42C81F-8F26-4A6C-8042-1BE8230C52E1}.Release|Any CPU.ActiveCfg = Release|Any CPU
		{3F42C81F-8F26-4A6C-8042-1BE8230C52E1}.Release|Any CPU.Build.0 = Release|Any CPU
		{8E53A98A-F4C9-4804-84A3-2BBDC626089C}.Debug|Any CPU.ActiveCfg = Debug|Any CPU
		{8E53A98A-F4C9-4804-84A3-2BBDC626089C}.Debug|Any CPU.Build.0 = Debug|Any CPU
		{8E53A98A-F4C9-4804-84A3-2BBDC626089C}.Release|Any CPU.ActiveCfg = Release|Any CPU
		{8E53A98A-F4C9-4804-84A3-2BBDC626089C}.Release|Any CPU.Build.0 = Release|Any CPU
		{9E6BC89A-187C-49FF-9C75-F7416E88E587}.Debug|Any CPU.ActiveCfg = Debug|Any CPU
		{9E6BC89A-187C-49FF-9C75-F7416E88E587}.Debug|Any CPU.Build.0 = Debug|Any CPU
		{9E6BC89A-187C-49FF-9C75-F7416E88E587}.Release|Any CPU.ActiveCfg = Release|Any CPU
		{9E6BC89A-187C-49FF-9C75-F7416E88E587}.Release|Any CPU.Build.0 = Release|Any CPU
		{6E1629F2-72AD-48A8-B216-89D1DD2AFB3F}.Debug|Any CPU.ActiveCfg = Debug|Any CPU
		{6E1629F2-72AD-48A8-B216-89D1DD2AFB3F}.Debug|Any CPU.Build.0 = Debug|Any CPU
		{6E1629F2-72AD-48A8-B216-89D1DD2AFB3F}.Release|Any CPU.ActiveCfg = Release|Any CPU
		{6E1629F2-72AD-48A8-B216-89D1DD2AFB3F}.Release|Any CPU.Build.0 = Release|Any CPU
		{F9B0551D-94A5-46D7-A68A-1575C03A22F0}.Debug|Any CPU.ActiveCfg = Debug|Any CPU
		{F9B0551D-94A5-46D7-A68A-1575C03A22F0}.Debug|Any CPU.Build.0 = Debug|Any CPU
		{F9B0551D-94A5-46D7-A68A-1575C03A22F0}.Release|Any CPU.ActiveCfg = Release|Any CPU
		{F9B0551D-94A5-46D7-A68A-1575C03A22F0}.Release|Any CPU.Build.0 = Release|Any CPU
		{B662A38C-E53A-4DE2-80CF-C34BE2B1F359}.Debug|Any CPU.ActiveCfg = Debug|Any CPU
		{B662A38C-E53A-4DE2-80CF-C34BE2B1F359}.Debug|Any CPU.Build.0 = Debug|Any CPU
		{B662A38C-E53A-4DE2-80CF-C34BE2B1F359}.Release|Any CPU.ActiveCfg = Release|Any CPU
		{B662A38C-E53A-4DE2-80CF-C34BE2B1F359}.Release|Any CPU.Build.0 = Release|Any CPU
		{651DF830-7F36-49FC-AEB0-66731AC26627}.Debug|Any CPU.ActiveCfg = Debug|Any CPU
		{651DF830-7F36-49FC-AEB0-66731AC26627}.Debug|Any CPU.Build.0 = Debug|Any CPU
		{651DF830-7F36-49FC-AEB0-66731AC26627}.Release|Any CPU.ActiveCfg = Release|Any CPU
		{651DF830-7F36-49FC-AEB0-66731AC26627}.Release|Any CPU.Build.0 = Release|Any CPU
		{9B35E032-1263-464C-8A3F-43BD51255256}.Debug|Any CPU.ActiveCfg = Debug|Any CPU
		{9B35E032-1263-464C-8A3F-43BD51255256}.Debug|Any CPU.Build.0 = Debug|Any CPU
		{9B35E032-1263-464C-8A3F-43BD51255256}.Release|Any CPU.ActiveCfg = Release|Any CPU
		{9B35E032-1263-464C-8A3F-43BD51255256}.Release|Any CPU.Build.0 = Release|Any CPU
		{B4AF34B2-AEAB-467C-B9F1-127E12B0F5E6}.Debug|Any CPU.ActiveCfg = Debug|Any CPU
		{B4AF34B2-AEAB-467C-B9F1-127E12B0F5E6}.Debug|Any CPU.Build.0 = Debug|Any CPU
		{B4AF34B2-AEAB-467C-B9F1-127E12B0F5E6}.Release|Any CPU.ActiveCfg = Release|Any CPU
		{B4AF34B2-AEAB-467C-B9F1-127E12B0F5E6}.Release|Any CPU.Build.0 = Release|Any CPU
		{7FA9C871-6403-44AD-951F-5C6D213C8854}.Debug|Any CPU.ActiveCfg = Debug|Any CPU
		{7FA9C871-6403-44AD-951F-5C6D213C8854}.Debug|Any CPU.Build.0 = Debug|Any CPU
		{7FA9C871-6403-44AD-951F-5C6D213C8854}.Release|Any CPU.ActiveCfg = Release|Any CPU
		{7FA9C871-6403-44AD-951F-5C6D213C8854}.Release|Any CPU.Build.0 = Release|Any CPU
		{2C36CB75-4499-4659-9C0B-7117DA06CD95}.Debug|Any CPU.ActiveCfg = Debug|Any CPU
		{2C36CB75-4499-4659-9C0B-7117DA06CD95}.Debug|Any CPU.Build.0 = Debug|Any CPU
		{2C36CB75-4499-4659-9C0B-7117DA06CD95}.Release|Any CPU.ActiveCfg = Release|Any CPU
		{2C36CB75-4499-4659-9C0B-7117DA06CD95}.Release|Any CPU.Build.0 = Release|Any CPU
		{480C6230-6EF6-45E2-98A4-D386BE2877B6}.Debug|Any CPU.ActiveCfg = Debug|Any CPU
		{480C6230-6EF6-45E2-98A4-D386BE2877B6}.Debug|Any CPU.Build.0 = Debug|Any CPU
		{480C6230-6EF6-45E2-98A4-D386BE2877B6}.Release|Any CPU.ActiveCfg = Release|Any CPU
		{480C6230-6EF6-45E2-98A4-D386BE2877B6}.Release|Any CPU.Build.0 = Release|Any CPU
		{91D5F6A7-A1F1-4881-A2C2-555657EC56F2}.Debug|Any CPU.ActiveCfg = Debug|Any CPU
		{91D5F6A7-A1F1-4881-A2C2-555657EC56F2}.Debug|Any CPU.Build.0 = Debug|Any CPU
		{91D5F6A7-A1F1-4881-A2C2-555657EC56F2}.Release|Any CPU.ActiveCfg = Release|Any CPU
		{91D5F6A7-A1F1-4881-A2C2-555657EC56F2}.Release|Any CPU.Build.0 = Release|Any CPU
		{B3BF7318-EA6E-4872-A819-BBA387B2B79E}.Debug|Any CPU.ActiveCfg = Debug|Any CPU
		{B3BF7318-EA6E-4872-A819-BBA387B2B79E}.Debug|Any CPU.Build.0 = Debug|Any CPU
		{B3BF7318-EA6E-4872-A819-BBA387B2B79E}.Release|Any CPU.ActiveCfg = Release|Any CPU
		{B3BF7318-EA6E-4872-A819-BBA387B2B79E}.Release|Any CPU.Build.0 = Release|Any CPU
		{80DA583A-3323-4A21-B21D-4A76DE6CA293}.Debug|Any CPU.ActiveCfg = Debug|Any CPU
		{80DA583A-3323-4A21-B21D-4A76DE6CA293}.Debug|Any CPU.Build.0 = Debug|Any CPU
		{80DA583A-3323-4A21-B21D-4A76DE6CA293}.Release|Any CPU.ActiveCfg = Release|Any CPU
		{80DA583A-3323-4A21-B21D-4A76DE6CA293}.Release|Any CPU.Build.0 = Release|Any CPU
		{B9A1ABF0-D40C-4C0D-9F58-05D2E453C504}.Debug|Any CPU.ActiveCfg = Debug|Any CPU
		{B9A1ABF0-D40C-4C0D-9F58-05D2E453C504}.Debug|Any CPU.Build.0 = Debug|Any CPU
		{B9A1ABF0-D40C-4C0D-9F58-05D2E453C504}.Release|Any CPU.ActiveCfg = Release|Any CPU
		{B9A1ABF0-D40C-4C0D-9F58-05D2E453C504}.Release|Any CPU.Build.0 = Release|Any CPU
		{B639D7DA-5E84-4107-B2D7-6A051CBD20CF}.Debug|Any CPU.ActiveCfg = Debug|Any CPU
		{B639D7DA-5E84-4107-B2D7-6A051CBD20CF}.Debug|Any CPU.Build.0 = Debug|Any CPU
		{B639D7DA-5E84-4107-B2D7-6A051CBD20CF}.Release|Any CPU.ActiveCfg = Release|Any CPU
		{B639D7DA-5E84-4107-B2D7-6A051CBD20CF}.Release|Any CPU.Build.0 = Release|Any CPU
		{6F23F115-7E80-4EF5-8C3E-B4DAB5F85ED6}.Debug|Any CPU.ActiveCfg = Debug|Any CPU
		{6F23F115-7E80-4EF5-8C3E-B4DAB5F85ED6}.Debug|Any CPU.Build.0 = Debug|Any CPU
		{6F23F115-7E80-4EF5-8C3E-B4DAB5F85ED6}.Release|Any CPU.ActiveCfg = Release|Any CPU
		{6F23F115-7E80-4EF5-8C3E-B4DAB5F85ED6}.Release|Any CPU.Build.0 = Release|Any CPU
	EndGlobalSection
	GlobalSection(SolutionProperties) = preSolution
		HideSolutionNode = FALSE
	EndGlobalSection
EndGlobal
